// !$*UTF8*$!
{
	archiveVersion = 1;
	classes = {
	};
	objectVersion = 56;
	objects = {

/* Begin PBXBuildFile section */
		F34BC2132DE3A5980043A7E2 /* UIView.swift in Sources */ = {isa = PBXBuildFile; fileRef = F34BC2122DE3A5980043A7E2 /* UIView.swift */; };
		F34BC2152DE3A6E10043A7E2 /* BackgroundColor.swift in Sources */ = {isa = PBXBuildFile; fileRef = F34BC2142DE3A6E10043A7E2 /* BackgroundColor.swift */; };
		F34BC2172DE3BDD80043A7E2 /* TabBarViewController.swift in Sources */ = {isa = PBXBuildFile; fileRef = F34BC2162DE3BDD80043A7E2 /* TabBarViewController.swift */; };
		F3A687752DE36CDC00246059 /* description.swift in Sources */ = {isa = PBXBuildFile; fileRef = F3A687742DE36CDC00246059 /* description.swift */; };
		F3A687772DE371B600246059 /* Login.swift in Sources */ = {isa = PBXBuildFile; fileRef = F3A687762DE371B600246059 /* Login.swift */; };
		F3A687792DE3743300246059 /* ProfileViewController.swift in Sources */ = {isa = PBXBuildFile; fileRef = F3A687782DE3743300246059 /* ProfileViewController.swift */; };
		F3A6877B2DE374C000246059 /* DescriptionViewController.swift in Sources */ = {isa = PBXBuildFile; fileRef = F3A6877A2DE374C000246059 /* DescriptionViewController.swift */; };
		F3AED6142DCFCADE006ABFF1 /* AppDelegate.swift in Sources */ = {isa = PBXBuildFile; fileRef = F3AED6132DCFCADE006ABFF1 /* AppDelegate.swift */; };
		F3AED6162DCFCADE006ABFF1 /* SceneDelegate.swift in Sources */ = {isa = PBXBuildFile; fileRef = F3AED6152DCFCADE006ABFF1 /* SceneDelegate.swift */; };
		F3AED6182DCFCADE006ABFF1 /* MainViewController.swift in Sources */ = {isa = PBXBuildFile; fileRef = F3AED6172DCFCADE006ABFF1 /* MainViewController.swift */; };
		F3AED61B2DCFCADE006ABFF1 /* Main.storyboard in Resources */ = {isa = PBXBuildFile; fileRef = F3AED6192DCFCADE006ABFF1 /* Main.storyboard */; };
		F3AED61D2DCFCAE9006ABFF1 /* Assets.xcassets in Resources */ = {isa = PBXBuildFile; fileRef = F3AED61C2DCFCAE9006ABFF1 /* Assets.xcassets */; };
		F3AED6202DCFCAE9006ABFF1 /* LaunchScreen.storyboard in Resources */ = {isa = PBXBuildFile; fileRef = F3AED61E2DCFCAE9006ABFF1 /* LaunchScreen.storyboard */; };
		F3AED6282DCFD1D9006ABFF1 /* LogViewController.swift in Sources */ = {isa = PBXBuildFile; fileRef = F3AED6272DCFD1D9006ABFF1 /* LogViewController.swift */; };
/* End PBXBuildFile section */

/* Begin PBXFileReference section */
		F34BC2122DE3A5980043A7E2 /* UIView.swift */ = {isa = PBXFileReference; lastKnownFileType = sourcecode.swift; path = UIView.swift; sourceTree = "<group>"; };
		F34BC2142DE3A6E10043A7E2 /* BackgroundColor.swift */ = {isa = PBXFileReference; lastKnownFileType = sourcecode.swift; path = BackgroundColor.swift; sourceTree = "<group>"; };
		F34BC2162DE3BDD80043A7E2 /* TabBarViewController.swift */ = {isa = PBXFileReference; lastKnownFileType = sourcecode.swift; path = TabBarViewController.swift; sourceTree = "<group>"; };
		F3A687742DE36CDC00246059 /* description.swift */ = {isa = PBXFileReference; lastKnownFileType = sourcecode.swift; path = description.swift; sourceTree = "<group>"; };
		F3A687762DE371B600246059 /* Login.swift */ = {isa = PBXFileReference; lastKnownFileType = sourcecode.swift; path = Login.swift; sourceTree = "<group>"; };
		F3A687782DE3743300246059 /* ProfileViewController.swift */ = {isa = PBXFileReference; lastKnownFileType = sourcecode.swift; path = ProfileViewController.swift; sourceTree = "<group>"; };
		F3A6877A2DE374C000246059 /* DescriptionViewController.swift */ = {isa = PBXFileReference; lastKnownFileType = sourcecode.swift; path = DescriptionViewController.swift; sourceTree = "<group>"; };
		F3AED6102DCFCADE006ABFF1 /* AboutMeApp.app */ = {isa = PBXFileReference; explicitFileType = wrapper.application; includeInIndex = 0; path = AboutMeApp.app; sourceTree = BUILT_PRODUCTS_DIR; };
		F3AED6132DCFCADE006ABFF1 /* AppDelegate.swift */ = {isa = PBXFileReference; lastKnownFileType = sourcecode.swift; path = AppDelegate.swift; sourceTree = "<group>"; };
		F3AED6152DCFCADE006ABFF1 /* SceneDelegate.swift */ = {isa = PBXFileReference; lastKnownFileType = sourcecode.swift; path = SceneDelegate.swift; sourceTree = "<group>"; };
		F3AED6172DCFCADE006ABFF1 /* MainViewController.swift */ = {isa = PBXFileReference; lastKnownFileType = sourcecode.swift; path = MainViewController.swift; sourceTree = "<group>"; };
		F3AED61A2DCFCADE006ABFF1 /* Base */ = {isa = PBXFileReference; lastKnownFileType = file.storyboard; name = Base; path = Base.lproj/Main.storyboard; sourceTree = "<group>"; };
		F3AED61C2DCFCAE9006ABFF1 /* Assets.xcassets */ = {isa = PBXFileReference; lastKnownFileType = folder.assetcatalog; path = Assets.xcassets; sourceTree = "<group>"; };
		F3AED61F2DCFCAE9006ABFF1 /* Base */ = {isa = PBXFileReference; lastKnownFileType = file.storyboard; name = Base; path = Base.lproj/LaunchScreen.storyboard; sourceTree = "<group>"; };
		F3AED6212DCFCAE9006ABFF1 /* Info.plist */ = {isa = PBXFileReference; lastKnownFileType = text.plist.xml; path = Info.plist; sourceTree = "<group>"; };
		F3AED6272DCFD1D9006ABFF1 /* LogViewController.swift */ = {isa = PBXFileReference; lastKnownFileType = sourcecode.swift; path = LogViewController.swift; sourceTree = "<group>"; };
/* End PBXFileReference section */

/* Begin PBXFrameworksBuildPhase section */
		F3AED60D2DCFCADE006ABFF1 /* Frameworks */ = {
			isa = PBXFrameworksBuildPhase;
			buildActionMask = 2147483647;
			files = (
			);
			runOnlyForDeploymentPostprocessing = 0;
		};
/* End PBXFrameworksBuildPhase section */

/* Begin PBXGroup section */
		F34BC2112DE3A5470043A7E2 /* Extensions */ = {
			isa = PBXGroup;
			children = (
				F34BC2142DE3A6E10043A7E2 /* BackgroundColor.swift */,
				F34BC2122DE3A5980043A7E2 /* UIView.swift */,
			);
			path = Extensions;
			sourceTree = "<group>";
		};
		F3A687702DE362D300246059 /* App */ = {
			isa = PBXGroup;
			children = (
				F3AED6132DCFCADE006ABFF1 /* AppDelegate.swift */,
				F3AED6152DCFCADE006ABFF1 /* SceneDelegate.swift */,
				F3AED6212DCFCAE9006ABFF1 /* Info.plist */,
			);
			path = App;
			sourceTree = "<group>";
		};
		F3A687712DE3632500246059 /* ViewControllers */ = {
			isa = PBXGroup;
			children = (
				F3AED6172DCFCADE006ABFF1 /* MainViewController.swift */,
				F3AED6272DCFD1D9006ABFF1 /* LogViewController.swift */,
				F3A687782DE3743300246059 /* ProfileViewController.swift */,
				F3A6877A2DE374C000246059 /* DescriptionViewController.swift */,
				F34BC2162DE3BDD80043A7E2 /* TabBarViewController.swift */,
			);
			path = ViewControllers;
			sourceTree = "<group>";
		};
		F3A687722DE3633A00246059 /* Storyboards */ = {
			isa = PBXGroup;
			children = (
				F3AED6192DCFCADE006ABFF1 /* Main.storyboard */,
				F3AED61E2DCFCAE9006ABFF1 /* LaunchScreen.storyboard */,
			);
			path = Storyboards;
			sourceTree = "<group>";
		};
		F3A687732DE36C9B00246059 /* Models */ = {
			isa = PBXGroup;
			children = (
				F3A687742DE36CDC00246059 /* description.swift */,
				F3A687762DE371B600246059 /* Login.swift */,
			);
			path = Models;
			sourceTree = "<group>";
		};
		F3AED6072DCFCADD006ABFF1 = {
			isa = PBXGroup;
			children = (
				F3AED6122DCFCADE006ABFF1 /* AboutMeApp */,
				F3AED6112DCFCADE006ABFF1 /* Products */,
			);
			sourceTree = "<group>";
		};
		F3AED6112DCFCADE006ABFF1 /* Products */ = {
			isa = PBXGroup;
			children = (
				F3AED6102DCFCADE006ABFF1 /* AboutMeApp.app */,
			);
			name = Products;
			sourceTree = "<group>";
		};
		F3AED6122DCFCADE006ABFF1 /* AboutMeApp */ = {
			isa = PBXGroup;
			children = (
				F3A687712DE3632500246059 /* ViewControllers */,
				F3A687732DE36C9B00246059 /* Models */,
				F3A687722DE3633A00246059 /* Storyboards */,
				F34BC2112DE3A5470043A7E2 /* Extensions */,
				F3A687702DE362D300246059 /* App */,
				F3AED61C2DCFCAE9006ABFF1 /* Assets.xcassets */,
			);
			path = AboutMeApp;
			sourceTree = "<group>";
		};
/* End PBXGroup section */

/* Begin PBXNativeTarget section */
		F3AED60F2DCFCADE006ABFF1 /* AboutMeApp */ = {
			isa = PBXNativeTarget;
			buildConfigurationList = F3AED6242DCFCAEA006ABFF1 /* Build configuration list for PBXNativeTarget "AboutMeApp" */;
			buildPhases = (
				F3AED60C2DCFCADE006ABFF1 /* Sources */,
				F3AED60D2DCFCADE006ABFF1 /* Frameworks */,
				F3AED60E2DCFCADE006ABFF1 /* Resources */,
			);
			buildRules = (
			);
			dependencies = (
			);
			name = AboutMeApp;
			productName = AboutMeApp;
			productReference = F3AED6102DCFCADE006ABFF1 /* AboutMeApp.app */;
			productType = "com.apple.product-type.application";
		};
/* End PBXNativeTarget section */

/* Begin PBXProject section */
		F3AED6082DCFCADD006ABFF1 /* Project object */ = {
			isa = PBXProject;
			attributes = {
				BuildIndependentTargetsInParallel = 1;
				LastSwiftUpdateCheck = 1420;
				LastUpgradeCheck = 1420;
				TargetAttributes = {
					F3AED60F2DCFCADE006ABFF1 = {
						CreatedOnToolsVersion = 14.2;
					};
				};
			};
			buildConfigurationList = F3AED60B2DCFCADD006ABFF1 /* Build configuration list for PBXProject "AboutMeApp" */;
			compatibilityVersion = "Xcode 14.0";
			developmentRegion = en;
			hasScannedForEncodings = 0;
			knownRegions = (
				en,
				Base,
			);
			mainGroup = F3AED6072DCFCADD006ABFF1;
			productRefGroup = F3AED6112DCFCADE006ABFF1 /* Products */;
			projectDirPath = "";
			projectRoot = "";
			targets = (
				F3AED60F2DCFCADE006ABFF1 /* AboutMeApp */,
			);
		};
/* End PBXProject section */

/* Begin PBXResourcesBuildPhase section */
		F3AED60E2DCFCADE006ABFF1 /* Resources */ = {
			isa = PBXResourcesBuildPhase;
			buildActionMask = 2147483647;
			files = (
				F3AED6202DCFCAE9006ABFF1 /* LaunchScreen.storyboard in Resources */,
				F3AED61D2DCFCAE9006ABFF1 /* Assets.xcassets in Resources */,
				F3AED61B2DCFCADE006ABFF1 /* Main.storyboard in Resources */,
			);
			runOnlyForDeploymentPostprocessing = 0;
		};
/* End PBXResourcesBuildPhase section */

/* Begin PBXSourcesBuildPhase section */
		F3AED60C2DCFCADE006ABFF1 /* Sources */ = {
			isa = PBXSourcesBuildPhase;
			buildActionMask = 2147483647;
			files = (
				F3AED6182DCFCADE006ABFF1 /* MainViewController.swift in Sources */,
				F3AED6142DCFCADE006ABFF1 /* AppDelegate.swift in Sources */,
				F34BC2172DE3BDD80043A7E2 /* TabBarViewController.swift in Sources */,
				F3A687752DE36CDC00246059 /* description.swift in Sources */,
				F3A687772DE371B600246059 /* Login.swift in Sources */,
				F3A687792DE3743300246059 /* ProfileViewController.swift in Sources */,
				F3A6877B2DE374C000246059 /* DescriptionViewController.swift in Sources */,
				F3AED6162DCFCADE006ABFF1 /* SceneDelegate.swift in Sources */,
				F34BC2152DE3A6E10043A7E2 /* BackgroundColor.swift in Sources */,
				F34BC2132DE3A5980043A7E2 /* UIView.swift in Sources */,
				F3AED6282DCFD1D9006ABFF1 /* LogViewController.swift in Sources */,
			);
			runOnlyForDeploymentPostprocessing = 0;
		};
/* End PBXSourcesBuildPhase section */

/* Begin PBXVariantGroup section */
		F3AED6192DCFCADE006ABFF1 /* Main.storyboard */ = {
			isa = PBXVariantGroup;
			children = (
				F3AED61A2DCFCADE006ABFF1 /* Base */,
			);
			name = Main.storyboard;
			sourceTree = "<group>";
		};
		F3AED61E2DCFCAE9006ABFF1 /* LaunchScreen.storyboard */ = {
			isa = PBXVariantGroup;
			children = (
				F3AED61F2DCFCAE9006ABFF1 /* Base */,
			);
			name = LaunchScreen.storyboard;
			sourceTree = "<group>";
		};
/* End PBXVariantGroup section */

/* Begin XCBuildConfiguration section */
		F3AED6222DCFCAEA006ABFF1 /* Debug */ = {
			isa = XCBuildConfiguration;
			buildSettings = {
				ALWAYS_SEARCH_USER_PATHS = NO;
				CLANG_ANALYZER_NONNULL = YES;
				CLANG_ANALYZER_NUMBER_OBJECT_CONVERSION = YES_AGGRESSIVE;
				CLANG_CXX_LANGUAGE_STANDARD = "gnu++20";
				CLANG_ENABLE_MODULES = YES;
				CLANG_ENABLE_OBJC_ARC = YES;
				CLANG_ENABLE_OBJC_WEAK = YES;
				CLANG_WARN_BLOCK_CAPTURE_AUTORELEASING = YES;
				CLANG_WARN_BOOL_CONVERSION = YES;
				CLANG_WARN_COMMA = YES;
				CLANG_WARN_CONSTANT_CONVERSION = YES;
				CLANG_WARN_DEPRECATED_OBJC_IMPLEMENTATIONS = YES;
				CLANG_WARN_DIRECT_OBJC_ISA_USAGE = YES_ERROR;
				CLANG_WARN_DOCUMENTATION_COMMENTS = YES;
				CLANG_WARN_EMPTY_BODY = YES;
				CLANG_WARN_ENUM_CONVERSION = YES;
				CLANG_WARN_INFINITE_RECURSION = YES;
				CLANG_WARN_INT_CONVERSION = YES;
				CLANG_WARN_NON_LITERAL_NULL_CONVERSION = YES;
				CLANG_WARN_OBJC_IMPLICIT_RETAIN_SELF = YES;
				CLANG_WARN_OBJC_LITERAL_CONVERSION = YES;
				CLANG_WARN_OBJC_ROOT_CLASS = YES_ERROR;
				CLANG_WARN_QUOTED_INCLUDE_IN_FRAMEWORK_HEADER = YES;
				CLANG_WARN_RANGE_LOOP_ANALYSIS = YES;
				CLANG_WARN_STRICT_PROTOTYPES = YES;
				CLANG_WARN_SUSPICIOUS_MOVE = YES;
				CLANG_WARN_UNGUARDED_AVAILABILITY = YES_AGGRESSIVE;
				CLANG_WARN_UNREACHABLE_CODE = YES;
				CLANG_WARN__DUPLICATE_METHOD_MATCH = YES;
				COPY_PHASE_STRIP = NO;
				DEBUG_INFORMATION_FORMAT = dwarf;
				ENABLE_STRICT_OBJC_MSGSEND = YES;
				ENABLE_TESTABILITY = YES;
				GCC_C_LANGUAGE_STANDARD = gnu11;
				GCC_DYNAMIC_NO_PIC = NO;
				GCC_NO_COMMON_BLOCKS = YES;
				GCC_OPTIMIZATION_LEVEL = 0;
				GCC_PREPROCESSOR_DEFINITIONS = (
					"DEBUG=1",
					"$(inherited)",
				);
				GCC_WARN_64_TO_32_BIT_CONVERSION = YES;
				GCC_WARN_ABOUT_RETURN_TYPE = YES_ERROR;
				GCC_WARN_UNDECLARED_SELECTOR = YES;
				GCC_WARN_UNINITIALIZED_AUTOS = YES_AGGRESSIVE;
				GCC_WARN_UNUSED_FUNCTION = YES;
				GCC_WARN_UNUSED_VARIABLE = YES;
				IPHONEOS_DEPLOYMENT_TARGET = 16.2;
				MTL_ENABLE_DEBUG_INFO = INCLUDE_SOURCE;
				MTL_FAST_MATH = YES;
				ONLY_ACTIVE_ARCH = YES;
				SDKROOT = iphoneos;
				SWIFT_ACTIVE_COMPILATION_CONDITIONS = DEBUG;
				SWIFT_OPTIMIZATION_LEVEL = "-Onone";
			};
			name = Debug;
		};
		F3AED6232DCFCAEA006ABFF1 /* Release */ = {
			isa = XCBuildConfiguration;
			buildSettings = {
				ALWAYS_SEARCH_USER_PATHS = NO;
				CLANG_ANALYZER_NONNULL = YES;
				CLANG_ANALYZER_NUMBER_OBJECT_CONVERSION = YES_AGGRESSIVE;
				CLANG_CXX_LANGUAGE_STANDARD = "gnu++20";
				CLANG_ENABLE_MODULES = YES;
				CLANG_ENABLE_OBJC_ARC = YES;
				CLANG_ENABLE_OBJC_WEAK = YES;
				CLANG_WARN_BLOCK_CAPTURE_AUTORELEASING = YES;
				CLANG_WARN_BOOL_CONVERSION = YES;
				CLANG_WARN_COMMA = YES;
				CLANG_WARN_CONSTANT_CONVERSION = YES;
				CLANG_WARN_DEPRECATED_OBJC_IMPLEMENTATIONS = YES;
				CLANG_WARN_DIRECT_OBJC_ISA_USAGE = YES_ERROR;
				CLANG_WARN_DOCUMENTATION_COMMENTS = YES;
				CLANG_WARN_EMPTY_BODY = YES;
				CLANG_WARN_ENUM_CONVERSION = YES;
				CLANG_WARN_INFINITE_RECURSION = YES;
				CLANG_WARN_INT_CONVERSION = YES;
				CLANG_WARN_NON_LITERAL_NULL_CONVERSION = YES;
				CLANG_WARN_OBJC_IMPLICIT_RETAIN_SELF = YES;
				CLANG_WARN_OBJC_LITERAL_CONVERSION = YES;
				CLANG_WARN_OBJC_ROOT_CLASS = YES_ERROR;
				CLANG_WARN_QUOTED_INCLUDE_IN_FRAMEWORK_HEADER = YES;
				CLANG_WARN_RANGE_LOOP_ANALYSIS = YES;
				CLANG_WARN_STRICT_PROTOTYPES = YES;
				CLANG_WARN_SUSPICIOUS_MOVE = YES;
				CLANG_WARN_UNGUARDED_AVAILABILITY = YES_AGGRESSIVE;
				CLANG_WARN_UNREACHABLE_CODE = YES;
				CLANG_WARN__DUPLICATE_METHOD_MATCH = YES;
				COPY_PHASE_STRIP = NO;
				DEBUG_INFORMATION_FORMAT = "dwarf-with-dsym";
				ENABLE_NS_ASSERTIONS = NO;
				ENABLE_STRICT_OBJC_MSGSEND = YES;
				GCC_C_LANGUAGE_STANDARD = gnu11;
				GCC_NO_COMMON_BLOCKS = YES;
				GCC_WARN_64_TO_32_BIT_CONVERSION = YES;
				GCC_WARN_ABOUT_RETURN_TYPE = YES_ERROR;
				GCC_WARN_UNDECLARED_SELECTOR = YES;
				GCC_WARN_UNINITIALIZED_AUTOS = YES_AGGRESSIVE;
				GCC_WARN_UNUSED_FUNCTION = YES;
				GCC_WARN_UNUSED_VARIABLE = YES;
				IPHONEOS_DEPLOYMENT_TARGET = 16.2;
				MTL_ENABLE_DEBUG_INFO = NO;
				MTL_FAST_MATH = YES;
				SDKROOT = iphoneos;
				SWIFT_COMPILATION_MODE = wholemodule;
				SWIFT_OPTIMIZATION_LEVEL = "-O";
				VALIDATE_PRODUCT = YES;
			};
			name = Release;
		};
		F3AED6252DCFCAEA006ABFF1 /* Debug */ = {
			isa = XCBuildConfiguration;
			buildSettings = {
				ASSETCATALOG_COMPILER_APPICON_NAME = AppIcon;
				ASSETCATALOG_COMPILER_GLOBAL_ACCENT_COLOR_NAME = AccentColor;
				CODE_SIGN_STYLE = Automatic;
				CURRENT_PROJECT_VERSION = 1;
				DEVELOPMENT_TEAM = DG2C9PBW67;
				GENERATE_INFOPLIST_FILE = YES;
				INFOPLIST_FILE = AboutMeApp/App/Info.plist;
				INFOPLIST_KEY_UIApplicationSupportsIndirectInputEvents = YES;
				INFOPLIST_KEY_UILaunchStoryboardName = LaunchScreen;
				INFOPLIST_KEY_UIMainStoryboardFile = Main;
				INFOPLIST_KEY_UISupportedInterfaceOrientations = UIInterfaceOrientationPortrait;
				INFOPLIST_KEY_UISupportedInterfaceOrientations_iPad = "UIInterfaceOrientationLandscapeLeft UIInterfaceOrientationLandscapeRight UIInterfaceOrientationPortrait UIInterfaceOrientationPortraitUpsideDown";
				LD_RUNPATH_SEARCH_PATHS = (
					"$(inherited)",
					"@executable_path/Frameworks",
				);
				MARKETING_VERSION = 1.0;
				PRODUCT_BUNDLE_IDENTIFIER = study..AboutMeApp;
				PRODUCT_NAME = "$(TARGET_NAME)";
				SUPPORTED_PLATFORMS = "iphoneos iphonesimulator";
				SUPPORTS_MACCATALYST = NO;
				SUPPORTS_MAC_DESIGNED_FOR_IPHONE_IPAD = NO;
				SWIFT_EMIT_LOC_STRINGS = YES;
				SWIFT_VERSION = 5.0;
				TARGETED_DEVICE_FAMILY = 1;
			};
			name = Debug;
		};
		F3AED6262DCFCAEA006ABFF1 /* Release */ = {
			isa = XCBuildConfiguration;
			buildSettings = {
				ASSETCATALOG_COMPILER_APPICON_NAME = AppIcon;
				ASSETCATALOG_COMPILER_GLOBAL_ACCENT_COLOR_NAME = AccentColor;
				CODE_SIGN_STYLE = Automatic;
				CURRENT_PROJECT_VERSION = 1;
				DEVELOPMENT_TEAM = DG2C9PBW67;
				GENERATE_INFOPLIST_FILE = YES;
				INFOPLIST_FILE = AboutMeApp/App/Info.plist;
				INFOPLIST_KEY_UIApplicationSupportsIndirectInputEvents = YES;
				INFOPLIST_KEY_UILaunchStoryboardName = LaunchScreen;
				INFOPLIST_KEY_UIMainStoryboardFile = Main;
				INFOPLIST_KEY_UISupportedInterfaceOrientations = UIInterfaceOrientationPortrait;
				INFOPLIST_KEY_UISupportedInterfaceOrientations_iPad = "UIInterfaceOrientationLandscapeLeft UIInterfaceOrientationLandscapeRight UIInterfaceOrientationPortrait UIInterfaceOrientationPortraitUpsideDown";
				LD_RUNPATH_SEARCH_PATHS = (
					"$(inherited)",
					"@executable_path/Frameworks",
				);
				MARKETING_VERSION = 1.0;
				PRODUCT_BUNDLE_IDENTIFIER = study..AboutMeApp;
				PRODUCT_NAME = "$(TARGET_NAME)";
				SUPPORTED_PLATFORMS = "iphoneos iphonesimulator";
				SUPPORTS_MACCATALYST = NO;
				SUPPORTS_MAC_DESIGNED_FOR_IPHONE_IPAD = NO;
				SWIFT_EMIT_LOC_STRINGS = YES;
				SWIFT_VERSION = 5.0;
				TARGETED_DEVICE_FAMILY = 1;
			};
			name = Release;
		};
/* End XCBuildConfiguration section */

/* Begin XCConfigurationList section */
		F3AED60B2DCFCADD006ABFF1 /* Build configuration list for PBXProject "AboutMeApp" */ = {
			isa = XCConfigurationList;
			buildConfigurations = (
				F3AED6222DCFCAEA006ABFF1 /* Debug */,
				F3AED6232DCFCAEA006ABFF1 /* Release */,
			);
			defaultConfigurationIsVisible = 0;
			defaultConfigurationName = Release;
		};
		F3AED6242DCFCAEA006ABFF1 /* Build configuration list for PBXNativeTarget "AboutMeApp" */ = {
			isa = XCConfigurationList;
			buildConfigurations = (
				F3AED6252DCFCAEA006ABFF1 /* Debug */,
				F3AED6262DCFCAEA006ABFF1 /* Release */,
			);
			defaultConfigurationIsVisible = 0;
			defaultConfigurationName = Release;
		};
/* End XCConfigurationList section */
	};
	rootObject = F3AED6082DCFCADD006ABFF1 /* Project object */;
}
